// !$*UTF8*$!
{
	archiveVersion = 1;
	classes = {
	};
	objectVersion = 48;
	objects = {

/* Begin PBXBuildFile section */
		552419FC1F9CD785000E4421 /* Node.swift in Sources */ = {isa = PBXBuildFile; fileRef = 552419FB1F9CD785000E4421 /* Node.swift */; };
		555552601FD52501001ADB27 /* Extensions.swift in Sources */ = {isa = PBXBuildFile; fileRef = 5555525F1FD52501001ADB27 /* Extensions.swift */; };
		555552621FD5377E001ADB27 /* Errors.swift in Sources */ = {isa = PBXBuildFile; fileRef = 555552611FD5377E001ADB27 /* Errors.swift */; };
		5555601B1F9060D6006BB03E /* Parser.swift in Sources */ = {isa = PBXBuildFile; fileRef = 5555601A1F9060D6006BB03E /* Parser.swift */; };
		5555601D1F943531006BB03E /* TokenType.swift in Sources */ = {isa = PBXBuildFile; fileRef = 5555601C1F943531006BB03E /* TokenType.swift */; };
		5565CB1F1FA749A4004DB495 /* Painter.swift in Sources */ = {isa = PBXBuildFile; fileRef = 5565CB1E1FA749A4004DB495 /* Painter.swift */; };
		5581ADB61F871E5A009ABB57 /* main.swift in Sources */ = {isa = PBXBuildFile; fileRef = 5581ADB51F871E5A009ABB57 /* main.swift */; };
		5581ADBD1F87250F009ABB57 /* Tokenizer.swift in Sources */ = {isa = PBXBuildFile; fileRef = 5581ADBC1F87250F009ABB57 /* Tokenizer.swift */; };
/* End PBXBuildFile section */

/* Begin PBXCopyFilesBuildPhase section */
		5581ADB01F871E5A009ABB57 /* CopyFiles */ = {
			isa = PBXCopyFilesBuildPhase;
			buildActionMask = 2147483647;
			dstPath = /usr/share/man/man1/;
			dstSubfolderSpec = 0;
			files = (
			);
			runOnlyForDeploymentPostprocessing = 1;
		};
/* End PBXCopyFilesBuildPhase section */

/* Begin PBXFileReference section */
		552419FB1F9CD785000E4421 /* Node.swift */ = {isa = PBXFileReference; lastKnownFileType = sourcecode.swift; path = Node.swift; sourceTree = "<group>"; };
		5555525F1FD52501001ADB27 /* Extensions.swift */ = {isa = PBXFileReference; lastKnownFileType = sourcecode.swift; path = Extensions.swift; sourceTree = "<group>"; };
		555552611FD5377E001ADB27 /* Errors.swift */ = {isa = PBXFileReference; lastKnownFileType = sourcecode.swift; path = Errors.swift; sourceTree = "<group>"; };
		5555601A1F9060D6006BB03E /* Parser.swift */ = {isa = PBXFileReference; lastKnownFileType = sourcecode.swift; path = Parser.swift; sourceTree = "<group>"; };
		5555601C1F943531006BB03E /* TokenType.swift */ = {isa = PBXFileReference; lastKnownFileType = sourcecode.swift; path = TokenType.swift; sourceTree = "<group>"; };
		5565CB1E1FA749A4004DB495 /* Painter.swift */ = {isa = PBXFileReference; lastKnownFileType = sourcecode.swift; path = Painter.swift; sourceTree = "<group>"; };
		5581ADB21F871E5A009ABB57 /* AGPC */ = {isa = PBXFileReference; explicitFileType = "compiled.mach-o.executable"; includeInIndex = 0; path = AGPC; sourceTree = BUILT_PRODUCTS_DIR; };
		5581ADB51F871E5A009ABB57 /* main.swift */ = {isa = PBXFileReference; lastKnownFileType = sourcecode.swift; path = main.swift; sourceTree = "<group>"; };
		5581ADBC1F87250F009ABB57 /* Tokenizer.swift */ = {isa = PBXFileReference; lastKnownFileType = sourcecode.swift; path = Tokenizer.swift; sourceTree = "<group>"; };
/* End PBXFileReference section */

/* Begin PBXFrameworksBuildPhase section */
		5581ADAF1F871E5A009ABB57 /* Frameworks */ = {
			isa = PBXFrameworksBuildPhase;
			buildActionMask = 2147483647;
			files = (
			);
			runOnlyForDeploymentPostprocessing = 0;
		};
/* End PBXFrameworksBuildPhase section */

/* Begin PBXGroup section */
		5581ADA91F871E5A009ABB57 = {
			isa = PBXGroup;
			children = (
				5581ADB41F871E5A009ABB57 /* AGPC */,
				5581ADB31F871E5A009ABB57 /* Products */,
			);
			sourceTree = "<group>";
		};
		5581ADB31F871E5A009ABB57 /* Products */ = {
			isa = PBXGroup;
			children = (
				5581ADB21F871E5A009ABB57 /* AGPC */,
			);
			name = Products;
			sourceTree = "<group>";
		};
		5581ADB41F871E5A009ABB57 /* AGPC */ = {
			isa = PBXGroup;
			children = (
				5581ADB51F871E5A009ABB57 /* main.swift */,
				5581ADBC1F87250F009ABB57 /* Tokenizer.swift */,
				5555601C1F943531006BB03E /* TokenType.swift */,
				5555601A1F9060D6006BB03E /* Parser.swift */,
				552419FB1F9CD785000E4421 /* Node.swift */,
				5565CB1E1FA749A4004DB495 /* Painter.swift */,
				5555525F1FD52501001ADB27 /* Extensions.swift */,
				555552611FD5377E001ADB27 /* Errors.swift */,
			);
			path = AGPC;
			sourceTree = "<group>";
		};
/* End PBXGroup section */

/* Begin PBXNativeTarget section */
		5581ADB11F871E5A009ABB57 /* AGPC */ = {
			isa = PBXNativeTarget;
			buildConfigurationList = 5581ADB91F871E5A009ABB57 /* Build configuration list for PBXNativeTarget "AGPC" */;
			buildPhases = (
				5581ADAE1F871E5A009ABB57 /* Sources */,
				5581ADAF1F871E5A009ABB57 /* Frameworks */,
				5581ADB01F871E5A009ABB57 /* CopyFiles */,
			);
			buildRules = (
			);
			dependencies = (
			);
			name = AGPC;
			productName = AGPC;
			productReference = 5581ADB21F871E5A009ABB57 /* AGPC */;
			productType = "com.apple.product-type.tool";
		};
/* End PBXNativeTarget section */

/* Begin PBXProject section */
		5581ADAA1F871E5A009ABB57 /* Project object */ = {
			isa = PBXProject;
			attributes = {
				LastSwiftUpdateCheck = 0900;
				LastUpgradeCheck = 0900;
				ORGANIZATIONNAME = "Andrey Gurev";
				TargetAttributes = {
					5581ADB11F871E5A009ABB57 = {
						CreatedOnToolsVersion = 9.0;
						ProvisioningStyle = Automatic;
					};
				};
			};
			buildConfigurationList = 5581ADAD1F871E5A009ABB57 /* Build configuration list for PBXProject "AGPC" */;
			compatibilityVersion = "Xcode 8.0";
			developmentRegion = en;
			hasScannedForEncodings = 0;
			knownRegions = (
				en,
			);
			mainGroup = 5581ADA91F871E5A009ABB57;
			productRefGroup = 5581ADB31F871E5A009ABB57 /* Products */;
			projectDirPath = "";
			projectRoot = "";
			targets = (
				5581ADB11F871E5A009ABB57 /* AGPC */,
			);
		};
/* End PBXProject section */

/* Begin PBXSourcesBuildPhase section */
		5581ADAE1F871E5A009ABB57 /* Sources */ = {
			isa = PBXSourcesBuildPhase;
			buildActionMask = 2147483647;
			files = (
				5581ADB61F871E5A009ABB57 /* main.swift in Sources */,
				552419FC1F9CD785000E4421 /* Node.swift in Sources */,
				5555601D1F943531006BB03E /* TokenType.swift in Sources */,
				5565CB1F1FA749A4004DB495 /* Painter.swift in Sources */,
				555552621FD5377E001ADB27 /* Errors.swift in Sources */,
				5581ADBD1F87250F009ABB57 /* Tokenizer.swift in Sources */,
				5555601B1F9060D6006BB03E /* Parser.swift in Sources */,
				555552601FD52501001ADB27 /* Extensions.swift in Sources */,
			);
			runOnlyForDeploymentPostprocessing = 0;
		};
/* End PBXSourcesBuildPhase section */

/* Begin XCBuildConfiguration section */
		5581ADB71F871E5A009ABB57 /* Debug */ = {
			isa = XCBuildConfiguration;
			buildSettings = {
				ALWAYS_SEARCH_USER_PATHS = NO;
				CLANG_ANALYZER_NONNULL = YES;
				CLANG_ANALYZER_NUMBER_OBJECT_CONVERSION = YES_AGGRESSIVE;
				CLANG_CXX_LANGUAGE_STANDARD = "gnu++14";
				CLANG_CXX_LIBRARY = "libc++";
				CLANG_ENABLE_MODULES = YES;
				CLANG_ENABLE_OBJC_ARC = YES;
				CLANG_WARN_BLOCK_CAPTURE_AUTORELEASING = YES;
				CLANG_WARN_BOOL_CONVERSION = YES;
				CLANG_WARN_COMMA = YES;
				CLANG_WARN_CONSTANT_CONVERSION = YES;
				CLANG_WARN_DIRECT_OBJC_ISA_USAGE = YES_ERROR;
				CLANG_WARN_DOCUMENTATION_COMMENTS = YES;
				CLANG_WARN_EMPTY_BODY = YES;
				CLANG_WARN_ENUM_CONVERSION = YES;
				CLANG_WARN_INFINITE_RECURSION = YES;
				CLANG_WARN_INT_CONVERSION = YES;
				CLANG_WARN_NON_LITERAL_NULL_CONVERSION = YES;
				CLANG_WARN_OBJC_LITERAL_CONVERSION = YES;
				CLANG_WARN_OBJC_ROOT_CLASS = YES_ERROR;
				CLANG_WARN_RANGE_LOOP_ANALYSIS = YES;
				CLANG_WARN_STRICT_PROTOTYPES = YES;
				CLANG_WARN_SUSPICIOUS_MOVE = YES;
				CLANG_WARN_UNGUARDED_AVAILABILITY = YES_AGGRESSIVE;
				CLANG_WARN_UNREACHABLE_CODE = YES;
				CLANG_WARN__DUPLICATE_METHOD_MATCH = YES;
				CODE_SIGN_IDENTITY = "Mac Developer";
				COPY_PHASE_STRIP = NO;
				DEBUG_INFORMATION_FORMAT = dwarf;
				ENABLE_STRICT_OBJC_MSGSEND = YES;
				ENABLE_TESTABILITY = YES;
				GCC_C_LANGUAGE_STANDARD = gnu11;
				GCC_DYNAMIC_NO_PIC = NO;
				GCC_NO_COMMON_BLOCKS = YES;
				GCC_OPTIMIZATION_LEVEL = 0;
				GCC_PREPROCESSOR_DEFINITIONS = (
					"DEBUG=1",
					"$(inherited)",
				);
				GCC_WARN_64_TO_32_BIT_CONVERSION = YES;
				GCC_WARN_ABOUT_RETURN_TYPE = YES_ERROR;
				GCC_WARN_UNDECLARED_SELECTOR = YES;
				GCC_WARN_UNINITIALIZED_AUTOS = YES_AGGRESSIVE;
				GCC_WARN_UNUSED_FUNCTION = YES;
				GCC_WARN_UNUSED_VARIABLE = YES;
				MACOSX_DEPLOYMENT_TARGET = 10.12;
				MTL_ENABLE_DEBUG_INFO = YES;
				ONLY_ACTIVE_ARCH = YES;
				SDKROOT = macosx;
				SWIFT_ACTIVE_COMPILATION_CONDITIONS = DEBUG;
				SWIFT_OPTIMIZATION_LEVEL = "-Onone";
			};
			name = Debug;
		};
		5581ADB81F871E5A009ABB57 /* Release */ = {
			isa = XCBuildConfiguration;
			buildSettings = {
				ALWAYS_SEARCH_USER_PATHS = NO;
				CLANG_ANALYZER_NONNULL = YES;
				CLANG_ANALYZER_NUMBER_OBJECT_CONVERSION = YES_AGGRESSIVE;
				CLANG_CXX_LANGUAGE_STANDARD = "gnu++14";
				CLANG_CXX_LIBRARY = "libc++";
				CLANG_ENABLE_MODULES = YES;
				CLANG_ENABLE_OBJC_ARC = YES;
				CLANG_WARN_BLOCK_CAPTURE_AUTORELEASING = YES;
				CLANG_WARN_BOOL_CONVERSION = YES;
				CLANG_WARN_COMMA = YES;
				CLANG_WARN_CONSTANT_CONVERSION = YES;
				CLANG_WARN_DIRECT_OBJC_ISA_USAGE = YES_ERROR;
				CLANG_WARN_DOCUMENTATION_COMMENTS = YES;
				CLANG_WARN_EMPTY_BODY = YES;
				CLANG_WARN_ENUM_CONVERSION = YES;
				CLANG_WARN_INFINITE_RECURSION = YES;
				CLANG_WARN_INT_CONVERSION = YES;
				CLANG_WARN_NON_LITERAL_NULL_CONVERSION = YES;
				CLANG_WARN_OBJC_LITERAL_CONVERSION = YES;
				CLANG_WARN_OBJC_ROOT_CLASS = YES_ERROR;
				CLANG_WARN_RANGE_LOOP_ANALYSIS = YES;
				CLANG_WARN_STRICT_PROTOTYPES = YES;
				CLANG_WARN_SUSPICIOUS_MOVE = YES;
				CLANG_WARN_UNGUARDED_AVAILABILITY = YES_AGGRESSIVE;
				CLANG_WARN_UNREACHABLE_CODE = YES;
				CLANG_WARN__DUPLICATE_METHOD_MATCH = YES;
				CODE_SIGN_IDENTITY = "Mac Developer";
				COPY_PHASE_STRIP = NO;
				DEBUG_INFORMATION_FORMAT = "dwarf-with-dsym";
				ENABLE_NS_ASSERTIONS = NO;
				ENABLE_STRICT_OBJC_MSGSEND = YES;
				GCC_C_LANGUAGE_STANDARD = gnu11;
				GCC_NO_COMMON_BLOCKS = YES;
				GCC_WARN_64_TO_32_BIT_CONVERSION = YES;
				GCC_WARN_ABOUT_RETURN_TYPE = YES_ERROR;
				GCC_WARN_UNDECLARED_SELECTOR = YES;
				GCC_WARN_UNINITIALIZED_AUTOS = YES_AGGRESSIVE;
				GCC_WARN_UNUSED_FUNCTION = YES;
				GCC_WARN_UNUSED_VARIABLE = YES;
				MACOSX_DEPLOYMENT_TARGET = 10.12;
				MTL_ENABLE_DEBUG_INFO = NO;
				SDKROOT = macosx;
				SWIFT_OPTIMIZATION_LEVEL = "-Owholemodule";
			};
			name = Release;
		};
		5581ADBA1F871E5A009ABB57 /* Debug */ = {
			isa = XCBuildConfiguration;
			buildSettings = {
				CODE_SIGN_STYLE = Automatic;
				DEVELOPMENT_TEAM = 5KZA6U37LX;
				PRODUCT_NAME = "$(TARGET_NAME)";
				SWIFT_VERSION = 4.0;
			};
			name = Debug;
		};
		5581ADBB1F871E5A009ABB57 /* Release */ = {
			isa = XCBuildConfiguration;
			buildSettings = {
				CODE_SIGN_STYLE = Automatic;
				DEVELOPMENT_TEAM = 5KZA6U37LX;
				PRODUCT_NAME = "$(TARGET_NAME)";
				SWIFT_VERSION = 4.0;
			};
			name = Release;
		};
/* End XCBuildConfiguration section */

/* Begin XCConfigurationList section */
		5581ADAD1F871E5A009ABB57 /* Build configuration list for PBXProject "AGPC" */ = {
			isa = XCConfigurationList;
			buildConfigurations = (
				5581ADB71F871E5A009ABB57 /* Debug */,
				5581ADB81F871E5A009ABB57 /* Release */,
			);
			defaultConfigurationIsVisible = 0;
			defaultConfigurationName = Release;
		};
		5581ADB91F871E5A009ABB57 /* Build configuration list for PBXNativeTarget "AGPC" */ = {
			isa = XCConfigurationList;
			buildConfigurations = (
				5581ADBA1F871E5A009ABB57 /* Debug */,
				5581ADBB1F871E5A009ABB57 /* Release */,
			);
			defaultConfigurationIsVisible = 0;
			defaultConfigurationName = Release;
		};
/* End XCConfigurationList section */
	};
	rootObject = 5581ADAA1F871E5A009ABB57 /* Project object */;
}
